
Microsoft Visual Studio Solution File, Format Version 12.00
# Visual Studio Version 17
VisualStudioVersion = 17.4.33122.133
MinimumVisualStudioVersion = 10.0.40219.1
Project("{8BC9CEB8-8B4A-11D0-8D11-00A0C91BC942}") = "Engine8", "engine8.vcxproj", "{59C1D4F3-AE93-4A0A-B4FE-60841CA865E5}"
EndProject
Project("{F2A71F9B-5D33-465A-A702-920D77279786}") = "Compiler", "Compiler\Compiler.fsproj", "{979A851F-EC6C-4DDC-BBFA-AAB6EC3831C8}"
EndProject
Global
	GlobalSection(SolutionConfigurationPlatforms) = preSolution
		Debug|Any CPU = Debug|Any CPU
		Debug|Win32 = Debug|Win32
		Editor|Any CPU = Editor|Any CPU
		Editor|Win32 = Editor|Win32
		Heavy Release|Any CPU = Heavy Release|Any CPU
		Heavy Release|Win32 = Heavy Release|Win32
		Release|Any CPU = Release|Any CPU
		Release|Win32 = Release|Win32
		Snapshot|Any CPU = Snapshot|Any CPU
		Snapshot|Win32 = Snapshot|Win32
	EndGlobalSection
	GlobalSection(ProjectConfigurationPlatforms) = postSolution
		{59C1D4F3-AE93-4A0A-B4FE-60841CA865E5}.Debug|Any CPU.ActiveCfg = Debug|Win32
		{59C1D4F3-AE93-4A0A-B4FE-60841CA865E5}.Debug|Any CPU.Build.0 = Debug|Win32
		{59C1D4F3-AE93-4A0A-B4FE-60841CA865E5}.Debug|Win32.ActiveCfg = Debug|Win32
		{59C1D4F3-AE93-4A0A-B4FE-60841CA865E5}.Debug|Win32.Build.0 = Debug|Win32
		{59C1D4F3-AE93-4A0A-B4FE-60841CA865E5}.Editor|Any CPU.ActiveCfg = Editor|Win32
		{59C1D4F3-AE93-4A0A-B4FE-60841CA865E5}.Editor|Any CPU.Build.0 = Editor|Win32
		{59C1D4F3-AE93-4A0A-B4FE-60841CA865E5}.Editor|Win32.ActiveCfg = Editor|Win32
		{59C1D4F3-AE93-4A0A-B4FE-60841CA865E5}.Editor|Win32.Build.0 = Editor|Win32
		{59C1D4F3-AE93-4A0A-B4FE-60841CA865E5}.Heavy Release|Any CPU.ActiveCfg = Heavy Release|Win32
		{59C1D4F3-AE93-4A0A-B4FE-60841CA865E5}.Heavy Release|Any CPU.Build.0 = Heavy Release|Win32
		{59C1D4F3-AE93-4A0A-B4FE-60841CA865E5}.Heavy Release|Win32.ActiveCfg = Heavy Release|Win32
		{59C1D4F3-AE93-4A0A-B4FE-60841CA865E5}.Heavy Release|Win32.Build.0 = Heavy Release|Win32
		{59C1D4F3-AE93-4A0A-B4FE-60841CA865E5}.Release|Any CPU.ActiveCfg = Release|Win32
		{59C1D4F3-AE93-4A0A-B4FE-60841CA865E5}.Release|Any CPU.Build.0 = Release|Win32
		{59C1D4F3-AE93-4A0A-B4FE-60841CA865E5}.Release|Win32.ActiveCfg = Release|Win32
		{59C1D4F3-AE93-4A0A-B4FE-60841CA865E5}.Release|Win32.Build.0 = Release|Win32
		{59C1D4F3-AE93-4A0A-B4FE-60841CA865E5}.Snapshot|Any CPU.ActiveCfg = Snapshot|Win32
		{59C1D4F3-AE93-4A0A-B4FE-60841CA865E5}.Snapshot|Any CPU.Build.0 = Snapshot|Win32
		{59C1D4F3-AE93-4A0A-B4FE-60841CA865E5}.Snapshot|Win32.ActiveCfg = Snapshot|Win32
		{59C1D4F3-AE93-4A0A-B4FE-60841CA865E5}.Snapshot|Win32.Build.0 = Snapshot|Win32
		{979A851F-EC6C-4DDC-BBFA-AAB6EC3831C8}.Debug|Any CPU.ActiveCfg = Debug|Any CPU
		{979A851F-EC6C-4DDC-BBFA-AAB6EC3831C8}.Debug|Any CPU.Build.0 = Debug|Any CPU
		{979A851F-EC6C-4DDC-BBFA-AAB6EC3831C8}.Debug|Win32.ActiveCfg = Debug|Any CPU
		{979A851F-EC6C-4DDC-BBFA-AAB6EC3831C8}.Debug|Win32.Build.0 = Debug|Any CPU
		{979A851F-EC6C-4DDC-BBFA-AAB6EC3831C8}.Editor|Any CPU.ActiveCfg = Release|Any CPU
		{979A851F-EC6C-4DDC-BBFA-AAB6EC3831C8}.Editor|Any CPU.Build.0 = Release|Any CPU
		{979A851F-EC6C-4DDC-BBFA-AAB6EC3831C8}.Editor|Win32.ActiveCfg = Release|Any CPU
		{979A851F-EC6C-4DDC-BBFA-AAB6EC3831C8}.Editor|Win32.Build.0 = Release|Any CPU
		{979A851F-EC6C-4DDC-BBFA-AAB6EC3831C8}.Heavy Release|Any CPU.ActiveCfg = Release|Any CPU
		{979A851F-EC6C-4DDC-BBFA-AAB6EC3831C8}.Heavy Release|Any CPU.Build.0 = Release|Any CPU
		{979A851F-EC6C-4DDC-BBFA-AAB6EC3831C8}.Heavy Release|Win32.ActiveCfg = Release|Any CPU
		{979A851F-EC6C-4DDC-BBFA-AAB6EC3831C8}.Heavy Release|Win32.Build.0 = Release|Any CPU
		{979A851F-EC6C-4DDC-BBFA-AAB6EC3831C8}.Release|Any CPU.ActiveCfg = Release|Any CPU
		{979A851F-EC6C-4DDC-BBFA-AAB6EC3831C8}.Release|Any CPU.Build.0 = Release|Any CPU
		{979A851F-EC6C-4DDC-BBFA-AAB6EC3831C8}.Release|Win32.ActiveCfg = Release|Any CPU
		{979A851F-EC6C-4DDC-BBFA-AAB6EC3831C8}.Release|Win32.Build.0 = Release|Any CPU
		{979A851F-EC6C-4DDC-BBFA-AAB6EC3831C8}.Snapshot|Any CPU.ActiveCfg = Release|Any CPU
		{979A851F-EC6C-4DDC-BBFA-AAB6EC3831C8}.Snapshot|Any CPU.Build.0 = Release|Any CPU
		{979A851F-EC6C-4DDC-BBFA-AAB6EC3831C8}.Snapshot|Win32.ActiveCfg = Release|Any CPU
		{979A851F-EC6C-4DDC-BBFA-AAB6EC3831C8}.Snapshot|Win32.Build.0 = Release|Any CPU
	EndGlobalSection
	GlobalSection(SolutionProperties) = preSolution
		HideSolutionNode = FALSE
	EndGlobalSection
	GlobalSection(ExtensibilityGlobals) = postSolution
		SolutionGuid = {BFFCE7AC-AF44-47A1-9B82-AB82AB604DD0}
	EndGlobalSection
EndGlobal
